
Microsoft Visual Studio Solution File, Format Version 12.00
# Visual Studio Version 17
VisualStudioVersion = 17.11.35303.130
MinimumVisualStudioVersion = 10.0.40219.1
Project("{FAE04EC0-301F-11D3-BF4B-00C04F79EFBC}") = "JdrAssistant", "JdrAssistant\JdrAssistant.csproj", "{56A2B4D9-A861-4E7F-97C2-93FED95B6C55}"
EndProject
Global
	GlobalSection(SolutionConfigurationPlatforms) = preSolution
		Debug|Any CPU = Debug|Any CPU
		Release|Any CPU = Release|Any CPU
	EndGlobalSection
	GlobalSection(ProjectConfigurationPlatforms) = postSolution
		{56A2B4D9-A861-4E7F-97C2-93FED95B6C55}.Debug|Any CPU.ActiveCfg = Debug|Any CPU
		{56A2B4D9-A861-4E7F-97C2-93FED95B6C55}.Debug|Any CPU.Build.0 = Debug|Any CPU
		{56A2B4D9-A861-4E7F-97C2-93FED95B6C55}.Release|Any CPU.ActiveCfg = Release|Any CPU
		{56A2B4D9-A861-4E7F-97C2-93FED95B6C55}.Release|Any CPU.Build.0 = Release|Any CPU
	EndGlobalSection
	GlobalSection(SolutionProperties) = preSolution
		HideSolutionNode = FALSE
	EndGlobalSection
	GlobalSection(ExtensibilityGlobals) = postSolution
		SolutionGuid = {F2476EC8-0B8D-45F3-9A29-095ECBA4560C}
	EndGlobalSection
EndGlobal
